
Microsoft Visual Studio Solution File, Format Version 12.00
# Visual Studio 2013
VisualStudioVersion = 12.0.40629.0
MinimumVisualStudioVersion = 10.0.40219.1
Project("{FAE04EC0-301F-11D3-BF4B-00C04F79EFBC}") = "MillionaireHost", "MillionarieHost\MillionaireHost.csproj", "{9C8D05E9-7691-4D19-B913-17B695673A38}"
EndProject
Global
	GlobalSection(SolutionConfigurationPlatforms) = preSolution
		Debug|Any CPU = Debug|Any CPU
		Release|Any CPU = Release|Any CPU
	EndGlobalSection
	GlobalSection(ProjectConfigurationPlatforms) = postSolution
		{9C8D05E9-7691-4D19-B913-17B695673A38}.Debug|Any CPU.ActiveCfg = Debug|Any CPU
		{9C8D05E9-7691-4D19-B913-17B695673A38}.Debug|Any CPU.Build.0 = Debug|Any CPU
		{9C8D05E9-7691-4D19-B913-17B695673A38}.Release|Any CPU.ActiveCfg = Release|Any CPU
		{9C8D05E9-7691-4D19-B913-17B695673A38}.Release|Any CPU.Build.0 = Release|Any CPU
	EndGlobalSection
	GlobalSection(SolutionProperties) = preSolution
		HideSolutionNode = FALSE
	EndGlobalSection
EndGlobal
